// !$*UTF8*$!
{
	archiveVersion = 1;
	classes = {
	};
	objectVersion = 46;
	objects = {

/* Begin PBXBuildFile section */
		05128A641CF0174000EA4EC2 /* VideoViewController.swift in Sources */ = {isa = PBXBuildFile; fileRef = 05128A631CF0174000EA4EC2 /* VideoViewController.swift */; };
		05128A691CF0241000EA4EC2 /* PreviewViewController.swift in Sources */ = {isa = PBXBuildFile; fileRef = 05128A681CF0241000EA4EC2 /* PreviewViewController.swift */; };
		0525F95F1CF2D0D300AF6BD1 /* logo.mp4 in Resources */ = {isa = PBXBuildFile; fileRef = 0525F95D1CF2D0AB00AF6BD1 /* logo.mp4 */; };
		0525F9601CF2D0D900AF6BD1 /* ending.mp4 in Resources */ = {isa = PBXBuildFile; fileRef = 0525F95C1CF2D0A200AF6BD1 /* ending.mp4 */; };
		055272CB1CF1B83100A9BC02 /* Composition.swift in Sources */ = {isa = PBXBuildFile; fileRef = 055272CA1CF1B83100A9BC02 /* Composition.swift */; };
		600BC4EA1CED6F1A00581F5F /* itemInfoController.swift in Sources */ = {isa = PBXBuildFile; fileRef = 600BC4E91CED6F1A00581F5F /* itemInfoController.swift */; };
		600BC4EE1CED79B500581F5F /* PointOneController.swift in Sources */ = {isa = PBXBuildFile; fileRef = 600BC4ED1CED79B500581F5F /* PointOneController.swift */; };
		600BC4F01CED7A5D00581F5F /* PointOneVideoController.swift in Sources */ = {isa = PBXBuildFile; fileRef = 600BC4EF1CED7A5D00581F5F /* PointOneVideoController.swift */; };
		600BC4F21CED7A9E00581F5F /* PointTwoController.swift in Sources */ = {isa = PBXBuildFile; fileRef = 600BC4F11CED7A9E00581F5F /* PointTwoController.swift */; };
		600BC4F41CED7B0600581F5F /* PointTwoVideoController.swift in Sources */ = {isa = PBXBuildFile; fileRef = 600BC4F31CED7B0600581F5F /* PointTwoVideoController.swift */; };
		600BC4F61CED7B4A00581F5F /* PointThreeController.swift in Sources */ = {isa = PBXBuildFile; fileRef = 600BC4F51CED7B4A00581F5F /* PointThreeController.swift */; };
		600BC4F81CED7B7A00581F5F /* PointThreeVideoController.swift in Sources */ = {isa = PBXBuildFile; fileRef = 600BC4F71CED7B7A00581F5F /* PointThreeVideoController.swift */; };
		6052B4F71CE3289F007C504D /* AppDelegate.swift in Sources */ = {isa = PBXBuildFile; fileRef = 6052B4F61CE3289F007C504D /* AppDelegate.swift */; };
		6052B4F91CE3289F007C504D /* firstViewController.swift in Sources */ = {isa = PBXBuildFile; fileRef = 6052B4F81CE3289F007C504D /* firstViewController.swift */; };
		6052B4FC1CE3289F007C504D /* Main.storyboard in Resources */ = {isa = PBXBuildFile; fileRef = 6052B4FA1CE3289F007C504D /* Main.storyboard */; };
		6052B4FF1CE3289F007C504D /* cameraApp.xcdatamodeld in Sources */ = {isa = PBXBuildFile; fileRef = 6052B4FD1CE3289F007C504D /* cameraApp.xcdatamodeld */; };
		6052B5011CE3289F007C504D /* Assets.xcassets in Resources */ = {isa = PBXBuildFile; fileRef = 6052B5001CE3289F007C504D /* Assets.xcassets */; };
		6052B5041CE3289F007C504D /* LaunchScreen.storyboard in Resources */ = {isa = PBXBuildFile; fileRef = 6052B5021CE3289F007C504D /* LaunchScreen.storyboard */; };
		6052B50F1CE3289F007C504D /* cameraAppTests.swift in Sources */ = {isa = PBXBuildFile; fileRef = 6052B50E1CE3289F007C504D /* cameraAppTests.swift */; };
		6052B51A1CE3289F007C504D /* cameraAppUITests.swift in Sources */ = {isa = PBXBuildFile; fileRef = 6052B5191CE3289F007C504D /* cameraAppUITests.swift */; };
/* End PBXBuildFile section */

/* Begin PBXContainerItemProxy section */
		6052B50B1CE3289F007C504D /* PBXContainerItemProxy */ = {
			isa = PBXContainerItemProxy;
			containerPortal = 6052B4EB1CE3289F007C504D /* Project object */;
			proxyType = 1;
			remoteGlobalIDString = 6052B4F21CE3289F007C504D;
			remoteInfo = cameraApp;
		};
		6052B5161CE3289F007C504D /* PBXContainerItemProxy */ = {
			isa = PBXContainerItemProxy;
			containerPortal = 6052B4EB1CE3289F007C504D /* Project object */;
			proxyType = 1;
			remoteGlobalIDString = 6052B4F21CE3289F007C504D;
			remoteInfo = cameraApp;
		};
/* End PBXContainerItemProxy section */

/* Begin PBXFileReference section */
		05128A631CF0174000EA4EC2 /* VideoViewController.swift */ = {isa = PBXFileReference; fileEncoding = 4; lastKnownFileType = sourcecode.swift; path = VideoViewController.swift; sourceTree = "<group>"; };
		05128A681CF0241000EA4EC2 /* PreviewViewController.swift */ = {isa = PBXFileReference; fileEncoding = 4; lastKnownFileType = sourcecode.swift; path = PreviewViewController.swift; sourceTree = "<group>"; };
		0525F95C1CF2D0A200AF6BD1 /* ending.mp4 */ = {isa = PBXFileReference; lastKnownFileType = file; path = ending.mp4; sourceTree = "<group>"; };
		0525F95D1CF2D0AB00AF6BD1 /* logo.mp4 */ = {isa = PBXFileReference; lastKnownFileType = file; path = logo.mp4; sourceTree = "<group>"; };
		055272CA1CF1B83100A9BC02 /* Composition.swift */ = {isa = PBXFileReference; fileEncoding = 4; lastKnownFileType = sourcecode.swift; path = Composition.swift; sourceTree = "<group>"; };
		600BC4E91CED6F1A00581F5F /* itemInfoController.swift */ = {isa = PBXFileReference; fileEncoding = 4; lastKnownFileType = sourcecode.swift; path = itemInfoController.swift; sourceTree = "<group>"; };
		600BC4ED1CED79B500581F5F /* PointOneController.swift */ = {isa = PBXFileReference; fileEncoding = 4; lastKnownFileType = sourcecode.swift; path = PointOneController.swift; sourceTree = "<group>"; };
		600BC4EF1CED7A5D00581F5F /* PointOneVideoController.swift */ = {isa = PBXFileReference; fileEncoding = 4; lastKnownFileType = sourcecode.swift; path = PointOneVideoController.swift; sourceTree = "<group>"; };
		600BC4F11CED7A9E00581F5F /* PointTwoController.swift */ = {isa = PBXFileReference; fileEncoding = 4; lastKnownFileType = sourcecode.swift; path = PointTwoController.swift; sourceTree = "<group>"; };
		600BC4F31CED7B0600581F5F /* PointTwoVideoController.swift */ = {isa = PBXFileReference; fileEncoding = 4; lastKnownFileType = sourcecode.swift; path = PointTwoVideoController.swift; sourceTree = "<group>"; };
		600BC4F51CED7B4A00581F5F /* PointThreeController.swift */ = {isa = PBXFileReference; fileEncoding = 4; lastKnownFileType = sourcecode.swift; path = PointThreeController.swift; sourceTree = "<group>"; };
		600BC4F71CED7B7A00581F5F /* PointThreeVideoController.swift */ = {isa = PBXFileReference; fileEncoding = 4; lastKnownFileType = sourcecode.swift; path = PointThreeVideoController.swift; sourceTree = "<group>"; };
		6052B4F31CE3289F007C504D /* cameraApp.app */ = {isa = PBXFileReference; explicitFileType = wrapper.application; includeInIndex = 0; path = cameraApp.app; sourceTree = BUILT_PRODUCTS_DIR; };
		6052B4F61CE3289F007C504D /* AppDelegate.swift */ = {isa = PBXFileReference; lastKnownFileType = sourcecode.swift; path = AppDelegate.swift; sourceTree = "<group>"; };
		6052B4F81CE3289F007C504D /* firstViewController.swift */ = {isa = PBXFileReference; lastKnownFileType = sourcecode.swift; path = firstViewController.swift; sourceTree = "<group>"; };
		6052B4FB1CE3289F007C504D /* Base */ = {isa = PBXFileReference; lastKnownFileType = file.storyboard; name = Base; path = Base.lproj/Main.storyboard; sourceTree = "<group>"; };
		6052B4FE1CE3289F007C504D /* cameraApp.xcdatamodel */ = {isa = PBXFileReference; lastKnownFileType = wrapper.xcdatamodel; path = cameraApp.xcdatamodel; sourceTree = "<group>"; };
		6052B5001CE3289F007C504D /* Assets.xcassets */ = {isa = PBXFileReference; lastKnownFileType = folder.assetcatalog; path = Assets.xcassets; sourceTree = "<group>"; };
		6052B5031CE3289F007C504D /* Base */ = {isa = PBXFileReference; lastKnownFileType = file.storyboard; name = Base; path = Base.lproj/LaunchScreen.storyboard; sourceTree = "<group>"; };
		6052B5051CE3289F007C504D /* Info.plist */ = {isa = PBXFileReference; lastKnownFileType = text.plist.xml; path = Info.plist; sourceTree = "<group>"; };
		6052B50A1CE3289F007C504D /* cameraAppTests.xctest */ = {isa = PBXFileReference; explicitFileType = wrapper.cfbundle; includeInIndex = 0; path = cameraAppTests.xctest; sourceTree = BUILT_PRODUCTS_DIR; };
		6052B50E1CE3289F007C504D /* cameraAppTests.swift */ = {isa = PBXFileReference; lastKnownFileType = sourcecode.swift; path = cameraAppTests.swift; sourceTree = "<group>"; };
		6052B5101CE3289F007C504D /* Info.plist */ = {isa = PBXFileReference; lastKnownFileType = text.plist.xml; path = Info.plist; sourceTree = "<group>"; };
		6052B5151CE3289F007C504D /* cameraAppUITests.xctest */ = {isa = PBXFileReference; explicitFileType = wrapper.cfbundle; includeInIndex = 0; path = cameraAppUITests.xctest; sourceTree = BUILT_PRODUCTS_DIR; };
		6052B5191CE3289F007C504D /* cameraAppUITests.swift */ = {isa = PBXFileReference; lastKnownFileType = sourcecode.swift; path = cameraAppUITests.swift; sourceTree = "<group>"; };
		6052B51B1CE3289F007C504D /* Info.plist */ = {isa = PBXFileReference; lastKnownFileType = text.plist.xml; path = Info.plist; sourceTree = "<group>"; };
/* End PBXFileReference section */

/* Begin PBXFrameworksBuildPhase section */
		6052B4F01CE3289F007C504D /* Frameworks */ = {
			isa = PBXFrameworksBuildPhase;
			buildActionMask = 2147483647;
			files = (
			);
			runOnlyForDeploymentPostprocessing = 0;
		};
		6052B5071CE3289F007C504D /* Frameworks */ = {
			isa = PBXFrameworksBuildPhase;
			buildActionMask = 2147483647;
			files = (
			);
			runOnlyForDeploymentPostprocessing = 0;
		};
		6052B5121CE3289F007C504D /* Frameworks */ = {
			isa = PBXFrameworksBuildPhase;
			buildActionMask = 2147483647;
			files = (
			);
			runOnlyForDeploymentPostprocessing = 0;
		};
/* End PBXFrameworksBuildPhase section */

/* Begin PBXGroup section */
		05128A611CF0162A00EA4EC2 /* TextViews */ = {
			isa = PBXGroup;
			children = (
				600BC4E91CED6F1A00581F5F /* itemInfoController.swift */,
				600BC4ED1CED79B500581F5F /* PointOneController.swift */,
				600BC4F11CED7A9E00581F5F /* PointTwoController.swift */,
				600BC4F51CED7B4A00581F5F /* PointThreeController.swift */,
			);
			name = TextViews;
			sourceTree = "<group>";
		};
		05128A621CF0165E00EA4EC2 /* VideoViews */ = {
			isa = PBXGroup;
			children = (
				600BC4EF1CED7A5D00581F5F /* PointOneVideoController.swift */,
				600BC4F31CED7B0600581F5F /* PointTwoVideoController.swift */,
				600BC4F71CED7B7A00581F5F /* PointThreeVideoController.swift */,
			);
			name = VideoViews;
			sourceTree = "<group>";
		};
		05128A651CF022C800EA4EC2 /* MakeVideo */ = {
			isa = PBXGroup;
			children = (
				05128A631CF0174000EA4EC2 /* VideoViewController.swift */,
				055272CA1CF1B83100A9BC02 /* Composition.swift */,
				05128A681CF0241000EA4EC2 /* PreviewViewController.swift */,
			);
			name = MakeVideo;
			sourceTree = "<group>";
		};
		0525F95E1CF2D0B500AF6BD1 /* Movies */ = {
			isa = PBXGroup;
			children = (
				0525F95D1CF2D0AB00AF6BD1 /* logo.mp4 */,
				0525F95C1CF2D0A200AF6BD1 /* ending.mp4 */,
			);
			name = Movies;
			sourceTree = "<group>";
		};
		6052B4EA1CE3289F007C504D = {
			isa = PBXGroup;
			children = (
				6052B4F51CE3289F007C504D /* cameraApp */,
				6052B50D1CE3289F007C504D /* cameraAppTests */,
				6052B5181CE3289F007C504D /* cameraAppUITests */,
				6052B4F41CE3289F007C504D /* Products */,
			);
			sourceTree = "<group>";
		};
		6052B4F41CE3289F007C504D /* Products */ = {
			isa = PBXGroup;
			children = (
				6052B4F31CE3289F007C504D /* cameraApp.app */,
				6052B50A1CE3289F007C504D /* cameraAppTests.xctest */,
				6052B5151CE3289F007C504D /* cameraAppUITests.xctest */,
			);
			name = Products;
			sourceTree = "<group>";
		};
		6052B4F51CE3289F007C504D /* cameraApp */ = {
			isa = PBXGroup;
			children = (
				6052B4F61CE3289F007C504D /* AppDelegate.swift */,
				6052B4F81CE3289F007C504D /* firstViewController.swift */,
				05128A651CF022C800EA4EC2 /* MakeVideo */,
				05128A611CF0162A00EA4EC2 /* TextViews */,
				05128A621CF0165E00EA4EC2 /* VideoViews */,
				6052B4FA1CE3289F007C504D /* Main.storyboard */,
				6052B5001CE3289F007C504D /* Assets.xcassets */,
				6052B5021CE3289F007C504D /* LaunchScreen.storyboard */,
				6052B5051CE3289F007C504D /* Info.plist */,
				0525F95E1CF2D0B500AF6BD1 /* Movies */,
				6052B4FD1CE3289F007C504D /* cameraApp.xcdatamodeld */,
			);
			path = cameraApp;
			sourceTree = "<group>";
		};
		6052B50D1CE3289F007C504D /* cameraAppTests */ = {
			isa = PBXGroup;
			children = (
				6052B50E1CE3289F007C504D /* cameraAppTests.swift */,
				6052B5101CE3289F007C504D /* Info.plist */,
			);
			path = cameraAppTests;
			sourceTree = "<group>";
		};
		6052B5181CE3289F007C504D /* cameraAppUITests */ = {
			isa = PBXGroup;
			children = (
				6052B5191CE3289F007C504D /* cameraAppUITests.swift */,
				6052B51B1CE3289F007C504D /* Info.plist */,
			);
			path = cameraAppUITests;
			sourceTree = "<group>";
		};
/* End PBXGroup section */

/* Begin PBXNativeTarget section */
		6052B4F21CE3289F007C504D /* cameraApp */ = {
			isa = PBXNativeTarget;
			buildConfigurationList = 6052B51E1CE3289F007C504D /* Build configuration list for PBXNativeTarget "cameraApp" */;
			buildPhases = (
				6052B4EF1CE3289F007C504D /* Sources */,
				6052B4F01CE3289F007C504D /* Frameworks */,
				6052B4F11CE3289F007C504D /* Resources */,
			);
			buildRules = (
			);
			dependencies = (
			);
			name = cameraApp;
			productName = cameraApp;
			productReference = 6052B4F31CE3289F007C504D /* cameraApp.app */;
			productType = "com.apple.product-type.application";
		};
		6052B5091CE3289F007C504D /* cameraAppTests */ = {
			isa = PBXNativeTarget;
			buildConfigurationList = 6052B5211CE3289F007C504D /* Build configuration list for PBXNativeTarget "cameraAppTests" */;
			buildPhases = (
				6052B5061CE3289F007C504D /* Sources */,
				6052B5071CE3289F007C504D /* Frameworks */,
				6052B5081CE3289F007C504D /* Resources */,
			);
			buildRules = (
			);
			dependencies = (
				6052B50C1CE3289F007C504D /* PBXTargetDependency */,
			);
			name = cameraAppTests;
			productName = cameraAppTests;
			productReference = 6052B50A1CE3289F007C504D /* cameraAppTests.xctest */;
			productType = "com.apple.product-type.bundle.unit-test";
		};
		6052B5141CE3289F007C504D /* cameraAppUITests */ = {
			isa = PBXNativeTarget;
			buildConfigurationList = 6052B5241CE3289F007C504D /* Build configuration list for PBXNativeTarget "cameraAppUITests" */;
			buildPhases = (
				6052B5111CE3289F007C504D /* Sources */,
				6052B5121CE3289F007C504D /* Frameworks */,
				6052B5131CE3289F007C504D /* Resources */,
			);
			buildRules = (
			);
			dependencies = (
				6052B5171CE3289F007C504D /* PBXTargetDependency */,
			);
			name = cameraAppUITests;
			productName = cameraAppUITests;
			productReference = 6052B5151CE3289F007C504D /* cameraAppUITests.xctest */;
			productType = "com.apple.product-type.bundle.ui-testing";
		};
/* End PBXNativeTarget section */

/* Begin PBXProject section */
		6052B4EB1CE3289F007C504D /* Project object */ = {
			isa = PBXProject;
			attributes = {
				LastSwiftUpdateCheck = 0730;
				LastUpgradeCheck = 0730;
				ORGANIZATIONNAME = knj0302;
				TargetAttributes = {
					6052B4F21CE3289F007C504D = {
						CreatedOnToolsVersion = 7.3;
						DevelopmentTeam = CL69W4RVRB;
						LastSwiftMigration = 0820;
					};
					6052B5091CE3289F007C504D = {
						CreatedOnToolsVersion = 7.3;
						DevelopmentTeam = 388H3DP8J5;
						LastSwiftMigration = 0820;
						TestTargetID = 6052B4F21CE3289F007C504D;
					};
					6052B5141CE3289F007C504D = {
						CreatedOnToolsVersion = 7.3;
						DevelopmentTeam = 388H3DP8J5;
						LastSwiftMigration = 0820;
						TestTargetID = 6052B4F21CE3289F007C504D;
					};
				};
			};
			buildConfigurationList = 6052B4EE1CE3289F007C504D /* Build configuration list for PBXProject "cameraApp" */;
			compatibilityVersion = "Xcode 3.2";
			developmentRegion = English;
			hasScannedForEncodings = 0;
			knownRegions = (
				en,
				Base,
			);
			mainGroup = 6052B4EA1CE3289F007C504D;
			productRefGroup = 6052B4F41CE3289F007C504D /* Products */;
			projectDirPath = "";
			projectRoot = "";
			targets = (
				6052B4F21CE3289F007C504D /* cameraApp */,
				6052B5091CE3289F007C504D /* cameraAppTests */,
				6052B5141CE3289F007C504D /* cameraAppUITests */,
			);
		};
/* End PBXProject section */

/* Begin PBXResourcesBuildPhase section */
		6052B4F11CE3289F007C504D /* Resources */ = {
			isa = PBXResourcesBuildPhase;
			buildActionMask = 2147483647;
			files = (
				0525F9601CF2D0D900AF6BD1 /* ending.mp4 in Resources */,
				0525F95F1CF2D0D300AF6BD1 /* logo.mp4 in Resources */,
				6052B5041CE3289F007C504D /* LaunchScreen.storyboard in Resources */,
				6052B5011CE3289F007C504D /* Assets.xcassets in Resources */,
				6052B4FC1CE3289F007C504D /* Main.storyboard in Resources */,
			);
			runOnlyForDeploymentPostprocessing = 0;
		};
		6052B5081CE3289F007C504D /* Resources */ = {
			isa = PBXResourcesBuildPhase;
			buildActionMask = 2147483647;
			files = (
			);
			runOnlyForDeploymentPostprocessing = 0;
		};
		6052B5131CE3289F007C504D /* Resources */ = {
			isa = PBXResourcesBuildPhase;
			buildActionMask = 2147483647;
			files = (
			);
			runOnlyForDeploymentPostprocessing = 0;
		};
/* End PBXResourcesBuildPhase section */

/* Begin PBXSourcesBuildPhase section */
		6052B4EF1CE3289F007C504D /* Sources */ = {
			isa = PBXSourcesBuildPhase;
			buildActionMask = 2147483647;
			files = (
				055272CB1CF1B83100A9BC02 /* Composition.swift in Sources */,
				600BC4EE1CED79B500581F5F /* PointOneController.swift in Sources */,
				6052B4F91CE3289F007C504D /* firstViewController.swift in Sources */,
				600BC4EA1CED6F1A00581F5F /* itemInfoController.swift in Sources */,
				6052B4FF1CE3289F007C504D /* cameraApp.xcdatamodeld in Sources */,
				05128A641CF0174000EA4EC2 /* VideoViewController.swift in Sources */,
				600BC4F81CED7B7A00581F5F /* PointThreeVideoController.swift in Sources */,
				600BC4F21CED7A9E00581F5F /* PointTwoController.swift in Sources */,
				05128A691CF0241000EA4EC2 /* PreviewViewController.swift in Sources */,
				600BC4F41CED7B0600581F5F /* PointTwoVideoController.swift in Sources */,
				600BC4F61CED7B4A00581F5F /* PointThreeController.swift in Sources */,
				6052B4F71CE3289F007C504D /* AppDelegate.swift in Sources */,
				600BC4F01CED7A5D00581F5F /* PointOneVideoController.swift in Sources */,
			);
			runOnlyForDeploymentPostprocessing = 0;
		};
		6052B5061CE3289F007C504D /* Sources */ = {
			isa = PBXSourcesBuildPhase;
			buildActionMask = 2147483647;
			files = (
				6052B50F1CE3289F007C504D /* cameraAppTests.swift in Sources */,
			);
			runOnlyForDeploymentPostprocessing = 0;
		};
		6052B5111CE3289F007C504D /* Sources */ = {
			isa = PBXSourcesBuildPhase;
			buildActionMask = 2147483647;
			files = (
				6052B51A1CE3289F007C504D /* cameraAppUITests.swift in Sources */,
			);
			runOnlyForDeploymentPostprocessing = 0;
		};
/* End PBXSourcesBuildPhase section */

/* Begin PBXTargetDependency section */
		6052B50C1CE3289F007C504D /* PBXTargetDependency */ = {
			isa = PBXTargetDependency;
			target = 6052B4F21CE3289F007C504D /* cameraApp */;
			targetProxy = 6052B50B1CE3289F007C504D /* PBXContainerItemProxy */;
		};
		6052B5171CE3289F007C504D /* PBXTargetDependency */ = {
			isa = PBXTargetDependency;
			target = 6052B4F21CE3289F007C504D /* cameraApp */;
			targetProxy = 6052B5161CE3289F007C504D /* PBXContainerItemProxy */;
		};
/* End PBXTargetDependency section */

/* Begin PBXVariantGroup section */
		6052B4FA1CE3289F007C504D /* Main.storyboard */ = {
			isa = PBXVariantGroup;
			children = (
				6052B4FB1CE3289F007C504D /* Base */,
			);
			name = Main.storyboard;
			sourceTree = "<group>";
		};
		6052B5021CE3289F007C504D /* LaunchScreen.storyboard */ = {
			isa = PBXVariantGroup;
			children = (
				6052B5031CE3289F007C504D /* Base */,
			);
			name = LaunchScreen.storyboard;
			sourceTree = "<group>";
		};
/* End PBXVariantGroup section */

/* Begin XCBuildConfiguration section */
		6052B51C1CE3289F007C504D /* Debug */ = {
			isa = XCBuildConfiguration;
			buildSettings = {
				ALWAYS_SEARCH_USER_PATHS = NO;
				CLANG_ANALYZER_NONNULL = YES;
				CLANG_CXX_LANGUAGE_STANDARD = "gnu++0x";
				CLANG_CXX_LIBRARY = "libc++";
				CLANG_ENABLE_MODULES = YES;
				CLANG_ENABLE_OBJC_ARC = YES;
				CLANG_WARN_BOOL_CONVERSION = YES;
				CLANG_WARN_CONSTANT_CONVERSION = YES;
				CLANG_WARN_DIRECT_OBJC_ISA_USAGE = YES_ERROR;
				CLANG_WARN_EMPTY_BODY = YES;
				CLANG_WARN_ENUM_CONVERSION = YES;
				CLANG_WARN_INT_CONVERSION = YES;
				CLANG_WARN_OBJC_ROOT_CLASS = YES_ERROR;
				CLANG_WARN_UNREACHABLE_CODE = YES;
				CLANG_WARN__DUPLICATE_METHOD_MATCH = YES;
				"CODE_SIGN_IDENTITY[sdk=iphoneos*]" = "iPhone Developer";
				COPY_PHASE_STRIP = NO;
				DEBUG_INFORMATION_FORMAT = dwarf;
				ENABLE_STRICT_OBJC_MSGSEND = YES;
				ENABLE_TESTABILITY = YES;
				GCC_C_LANGUAGE_STANDARD = gnu99;
				GCC_DYNAMIC_NO_PIC = NO;
				GCC_NO_COMMON_BLOCKS = YES;
				GCC_OPTIMIZATION_LEVEL = 0;
				GCC_PREPROCESSOR_DEFINITIONS = (
					"DEBUG=1",
					"$(inherited)",
				);
				GCC_WARN_64_TO_32_BIT_CONVERSION = YES;
				GCC_WARN_ABOUT_RETURN_TYPE = YES_ERROR;
				GCC_WARN_UNDECLARED_SELECTOR = YES;
				GCC_WARN_UNINITIALIZED_AUTOS = YES_AGGRESSIVE;
				GCC_WARN_UNUSED_FUNCTION = YES;
				GCC_WARN_UNUSED_VARIABLE = YES;
				IPHONEOS_DEPLOYMENT_TARGET = 9.3;
				MTL_ENABLE_DEBUG_INFO = YES;
				ONLY_ACTIVE_ARCH = YES;
				SDKROOT = iphoneos;
				SWIFT_OPTIMIZATION_LEVEL = "-Onone";
			};
			name = Debug;
		};
		6052B51D1CE3289F007C504D /* Release */ = {
			isa = XCBuildConfiguration;
			buildSettings = {
				ALWAYS_SEARCH_USER_PATHS = NO;
				CLANG_ANALYZER_NONNULL = YES;
				CLANG_CXX_LANGUAGE_STANDARD = "gnu++0x";
				CLANG_CXX_LIBRARY = "libc++";
				CLANG_ENABLE_MODULES = YES;
				CLANG_ENABLE_OBJC_ARC = YES;
				CLANG_WARN_BOOL_CONVERSION = YES;
				CLANG_WARN_CONSTANT_CONVERSION = YES;
				CLANG_WARN_DIRECT_OBJC_ISA_USAGE = YES_ERROR;
				CLANG_WARN_EMPTY_BODY = YES;
				CLANG_WARN_ENUM_CONVERSION = YES;
				CLANG_WARN_INT_CONVERSION = YES;
				CLANG_WARN_OBJC_ROOT_CLASS = YES_ERROR;
				CLANG_WARN_UNREACHABLE_CODE = YES;
				CLANG_WARN__DUPLICATE_METHOD_MATCH = YES;
				"CODE_SIGN_IDENTITY[sdk=iphoneos*]" = "iPhone Developer";
				COPY_PHASE_STRIP = NO;
				DEBUG_INFORMATION_FORMAT = "dwarf-with-dsym";
				ENABLE_NS_ASSERTIONS = NO;
				ENABLE_STRICT_OBJC_MSGSEND = YES;
				GCC_C_LANGUAGE_STANDARD = gnu99;
				GCC_NO_COMMON_BLOCKS = YES;
				GCC_WARN_64_TO_32_BIT_CONVERSION = YES;
				GCC_WARN_ABOUT_RETURN_TYPE = YES_ERROR;
				GCC_WARN_UNDECLARED_SELECTOR = YES;
				GCC_WARN_UNINITIALIZED_AUTOS = YES_AGGRESSIVE;
				GCC_WARN_UNUSED_FUNCTION = YES;
				GCC_WARN_UNUSED_VARIABLE = YES;
				IPHONEOS_DEPLOYMENT_TARGET = 9.3;
				MTL_ENABLE_DEBUG_INFO = NO;
				SDKROOT = iphoneos;
				VALIDATE_PRODUCT = YES;
			};
			name = Release;
		};
		6052B51F1CE3289F007C504D /* Debug */ = {
			isa = XCBuildConfiguration;
			buildSettings = {
				ASSETCATALOG_COMPILER_APPICON_NAME = AppIcon;
				CODE_SIGN_IDENTITY = "iPhone Developer";
				"CODE_SIGN_IDENTITY[sdk=iphoneos*]" = "iPhone Developer";
				INFOPLIST_FILE = cameraApp/Info.plist;
				LD_RUNPATH_SEARCH_PATHS = "$(inherited) @executable_path/Frameworks";
				PRODUCT_BUNDLE_IDENTIFIER = com.szn.cameraApp2;
				PRODUCT_NAME = "$(TARGET_NAME)";
				PROVISIONING_PROFILE = "";
				SWIFT_VERSION = 3.0;
				TARGETED_DEVICE_FAMILY = 1;
			};
			name = Debug;
		};
		6052B5201CE3289F007C504D /* Release */ = {
			isa = XCBuildConfiguration;
			buildSettings = {
				ASSETCATALOG_COMPILER_APPICON_NAME = AppIcon;
				CODE_SIGN_IDENTITY = "iPhone Developer";
				"CODE_SIGN_IDENTITY[sdk=iphoneos*]" = "iPhone Developer";
				INFOPLIST_FILE = cameraApp/Info.plist;
				LD_RUNPATH_SEARCH_PATHS = "$(inherited) @executable_path/Frameworks";
				PRODUCT_BUNDLE_IDENTIFIER = com.szn.cameraApp2;
				PRODUCT_NAME = "$(TARGET_NAME)";
				PROVISIONING_PROFILE = "";
				SWIFT_VERSION = 3.0;
				TARGETED_DEVICE_FAMILY = 1;
			};
			name = Release;
		};
		6052B5221CE3289F007C504D /* Debug */ = {
			isa = XCBuildConfiguration;
			buildSettings = {
				BUNDLE_LOADER = "$(TEST_HOST)";
				INFOPLIST_FILE = cameraAppTests/Info.plist;
				LD_RUNPATH_SEARCH_PATHS = "$(inherited) @executable_path/Frameworks @loader_path/Frameworks";
				PRODUCT_BUNDLE_IDENTIFIER = com.knj0302.cameraAppTests;
				PRODUCT_NAME = "$(TARGET_NAME)";
				SWIFT_VERSION = 3.0;
				TEST_HOST = "$(BUILT_PRODUCTS_DIR)/cameraApp.app/cameraApp";
			};
			name = Debug;
		};
		6052B5231CE3289F007C504D /* Release */ = {
			isa = XCBuildConfiguration;
			buildSettings = {
				BUNDLE_LOADER = "$(TEST_HOST)";
				INFOPLIST_FILE = cameraAppTests/Info.plist;
				LD_RUNPATH_SEARCH_PATHS = "$(inherited) @executable_path/Frameworks @loader_path/Frameworks";
				PRODUCT_BUNDLE_IDENTIFIER = com.knj0302.cameraAppTests;
				PRODUCT_NAME = "$(TARGET_NAME)";
				SWIFT_VERSION = 3.0;
				TEST_HOST = "$(BUILT_PRODUCTS_DIR)/cameraApp.app/cameraApp";
			};
			name = Release;
		};
		6052B5251CE3289F007C504D /* Debug */ = {
			isa = XCBuildConfiguration;
			buildSettings = {
				INFOPLIST_FILE = cameraAppUITests/Info.plist;
				LD_RUNPATH_SEARCH_PATHS = "$(inherited) @executable_path/Frameworks @loader_path/Frameworks";
				PRODUCT_BUNDLE_IDENTIFIER = com.knj0302.cameraAppUITests;
				PRODUCT_NAME = "$(TARGET_NAME)";
				SWIFT_VERSION = 3.0;
				TEST_TARGET_NAME = cameraApp;
			};
			name = Debug;
		};
		6052B5261CE3289F007C504D /* Release */ = {
			isa = XCBuildConfiguration;
			buildSettings = {
				INFOPLIST_FILE = cameraAppUITests/Info.plist;
				LD_RUNPATH_SEARCH_PATHS = "$(inherited) @executable_path/Frameworks @loader_path/Frameworks";
				PRODUCT_BUNDLE_IDENTIFIER = com.knj0302.cameraAppUITests;
				PRODUCT_NAME = "$(TARGET_NAME)";
				SWIFT_VERSION = 3.0;
				TEST_TARGET_NAME = cameraApp;
			};
			name = Release;
		};
/* End XCBuildConfiguration section */

/* Begin XCConfigurationList section */
		6052B4EE1CE3289F007C504D /* Build configuration list for PBXProject "cameraApp" */ = {
			isa = XCConfigurationList;
			buildConfigurations = (
				6052B51C1CE3289F007C504D /* Debug */,
				6052B51D1CE3289F007C504D /* Release */,
			);
			defaultConfigurationIsVisible = 0;
			defaultConfigurationName = Release;
		};
		6052B51E1CE3289F007C504D /* Build configuration list for PBXNativeTarget "cameraApp" */ = {
			isa = XCConfigurationList;
			buildConfigurations = (
				6052B51F1CE3289F007C504D /* Debug */,
				6052B5201CE3289F007C504D /* Release */,
			);
			defaultConfigurationIsVisible = 0;
			defaultConfigurationName = Release;
		};
		6052B5211CE3289F007C504D /* Build configuration list for PBXNativeTarget "cameraAppTests" */ = {
			isa = XCConfigurationList;
			buildConfigurations = (
				6052B5221CE3289F007C504D /* Debug */,
				6052B5231CE3289F007C504D /* Release */,
			);
			defaultConfigurationIsVisible = 0;
			defaultConfigurationName = Release;
		};
		6052B5241CE3289F007C504D /* Build configuration list for PBXNativeTarget "cameraAppUITests" */ = {
			isa = XCConfigurationList;
			buildConfigurations = (
				6052B5251CE3289F007C504D /* Debug */,
				6052B5261CE3289F007C504D /* Release */,
			);
			defaultConfigurationIsVisible = 0;
			defaultConfigurationName = Release;
		};
/* End XCConfigurationList section */

/* Begin XCVersionGroup section */
		6052B4FD1CE3289F007C504D /* cameraApp.xcdatamodeld */ = {
			isa = XCVersionGroup;
			children = (
				6052B4FE1CE3289F007C504D /* cameraApp.xcdatamodel */,
			);
			currentVersion = 6052B4FE1CE3289F007C504D /* cameraApp.xcdatamodel */;
			path = cameraApp.xcdatamodeld;
			sourceTree = "<group>";
			versionGroupType = wrapper.xcdatamodel;
		};
/* End XCVersionGroup section */
	};
	rootObject = 6052B4EB1CE3289F007C504D /* Project object */;
}
